<?xml version="1.0" encoding="utf-8"?>
<Project ToolsVersion="4.0" xmlns="http://schemas.microsoft.com/developer/msbuild/2003">
  <ItemGroup>
    <ClCompile Include="include\components\objectscomponent.c" />
    <ClCompile Include="src\components\bulletscomponent.c" />
    <ClCompile Include="src\components\clockcomponent.c" />
    <ClCompile Include="src\components\inventorycomponent.c" />
    <ClCompile Include="src\components\mycameracomponent.c" />
    <ClCompile Include="src\components\playercomponent.c" />
    <ClCompile Include="src\components\tirednesscomponent.c" />
    <ClCompile Include="src\components\triggerplayercomponent.c" />
    <ClCompile Include="src\Cofee.c" />
    <ClCompile Include="src\Detector.c" />
    <ClCompile Include="src\Enemie.c" />
    <ClCompile Include="src\EnigmeShape.c" />
    <ClCompile Include="src\Equation.c" />
    <ClCompile Include="src\main.c" />
    <ClCompile Include="src\MainMenu.c" />
    <ClCompile Include="src\Wire.c" />
  </ItemGroup>
  <ItemGroup>
    <ClInclude Include="include\Cofee.h" />
    <ClInclude Include="include\Detector.h" />
    <ClInclude Include="include\Enemie.h" />
    <ClInclude Include="include\EnigmeShape.h" />
    <ClInclude Include="include\Equation.h" />
    <ClInclude Include="include\MainMenu.h" />
    <ClInclude Include="include\Wire.h" />
    <ClInclude Include="include\components\bulletscomponent.h" />
    <ClInclude Include="include\components\clockcomponent.h" />
    <ClInclude Include="include\components\mycameracomponent.h" />
    <ClInclude Include="include\components\objectscomponent.h" />
    <ClInclude Include="include\components\inventorycomponent.h" />
    <ClInclude Include="include\components\playercomponent.h" />
    <ClInclude Include="include\components\tirednesscomponent.h" />
    <ClInclude Include="include\components\triggerplayercomponent.h" />
  </ItemGroup>
</Project>